
Microsoft Visual Studio Solution File, Format Version 12.00
# Visual Studio Version 17
VisualStudioVersion = 17.8.34525.116
MinimumVisualStudioVersion = 10.0.40219.1
Project("{FAE04EC0-301F-11D3-BF4B-00C04F79EFBC}") = "Domain", "Domain\Domain.csproj", "{0314E9A1-D565-48A2-A443-2D9066011714}"
EndProject
Project("{FAE04EC0-301F-11D3-BF4B-00C04F79EFBC}") = "Temporal", "Temporal\Temporal.csproj", "{67C01D9C-D505-49CD-AF64-A347E78BA1E9}"
EndProject
Project("{FAE04EC0-301F-11D3-BF4B-00C04F79EFBC}") = "Temporal.Tests", "Temporal.Tests\Temporal.Tests.csproj", "{4FDCD557-B2DF-4D61-90EB-14C9FDEC639E}"
EndProject
Global
	GlobalSection(SolutionConfigurationPlatforms) = preSolution
		Debug|Any CPU = Debug|Any CPU
		Release|Any CPU = Release|Any CPU
	EndGlobalSection
	GlobalSection(ProjectConfigurationPlatforms) = postSolution
		{0314E9A1-D565-48A2-A443-2D9066011714}.Debug|Any CPU.ActiveCfg = Debug|Any CPU
		{0314E9A1-D565-48A2-A443-2D9066011714}.Debug|Any CPU.Build.0 = Debug|Any CPU
		{0314E9A1-D565-48A2-A443-2D9066011714}.Release|Any CPU.ActiveCfg = Release|Any CPU
		{0314E9A1-D565-48A2-A443-2D9066011714}.Release|Any CPU.Build.0 = Release|Any CPU
		{67C01D9C-D505-49CD-AF64-A347E78BA1E9}.Debug|Any CPU.ActiveCfg = Debug|Any CPU
		{67C01D9C-D505-49CD-AF64-A347E78BA1E9}.Debug|Any CPU.Build.0 = Debug|Any CPU
		{67C01D9C-D505-49CD-AF64-A347E78BA1E9}.Release|Any CPU.ActiveCfg = Release|Any CPU
		{67C01D9C-D505-49CD-AF64-A347E78BA1E9}.Release|Any CPU.Build.0 = Release|Any CPU
		{4FDCD557-B2DF-4D61-90EB-14C9FDEC639E}.Debug|Any CPU.ActiveCfg = Debug|Any CPU
		{4FDCD557-B2DF-4D61-90EB-14C9FDEC639E}.Debug|Any CPU.Build.0 = Debug|Any CPU
		{4FDCD557-B2DF-4D61-90EB-14C9FDEC639E}.Release|Any CPU.ActiveCfg = Release|Any CPU
		{4FDCD557-B2DF-4D61-90EB-14C9FDEC639E}.Release|Any CPU.Build.0 = Release|Any CPU
	EndGlobalSection
	GlobalSection(SolutionProperties) = preSolution
		HideSolutionNode = FALSE
	EndGlobalSection
	GlobalSection(ExtensibilityGlobals) = postSolution
		SolutionGuid = {29ED8DB9-EBB8-4A06-9E1B-56DB7C314027}
	EndGlobalSection
EndGlobal
